<?xml version="1.0" encoding="utf-8"?>
<Project ToolsVersion="4.0" xmlns="http://schemas.microsoft.com/developer/msbuild/2003">
  <ItemGroup>
    <Filter Include="Source Files">
      <UniqueIdentifier>{4FC737F1-C7A5-4376-A066-2A32D752A2FF}</UniqueIdentifier>
      <Extensions>cpp;c;cc;cxx;c++;cppm;ixx;def;odl;idl;hpj;bat;asm;asmx</Extensions>
    </Filter>
    <Filter Include="Header Files">
      <UniqueIdentifier>{93995380-89BD-4b04-88EB-625FBE52EBFB}</UniqueIdentifier>
      <Extensions>h;hh;hpp;hxx;h++;hm;inl;inc;ipp;xsd</Extensions>
    </Filter>
    <Filter Include="Resource Files">
      <UniqueIdentifier>{67DA6AB6-F800-4c08-8B7A-83BB121AAD01}</UniqueIdentifier>
      <Extensions>rc;ico;cur;bmp;dlg;rc2;rct;bin;rgs;gif;jpg;jpeg;jpe;resx;tiff;tif;png;wav;mfcribbon-ms</Extensions>
    </Filter>
  </ItemGroup>
  <ItemGroup>
    <ClInclude Include="descriptive\AbstractUnivariateStatistic.h">
      <Filter>Header Files</Filter>
    </ClInclude>
    <ClInclude Include="StatUtils.h">
      <Filter>Header Files</Filter>
    </ClInclude>
    <ClInclude Include="descriptive\rank\Percentile.h">
      <Filter>Header Files</Filter>
    </ClInclude>
    <ClInclude Include="Frequency.hpp">
      <Filter>Header Files</Filter>
    </ClInclude>
    <ClInclude Include="descriptive\AbstractStorelessUnivariateStatistic.h">
      <Filter>Header Files</Filter>
    </ClInclude>
    <ClInclude Include="descriptive\AggregatableStatistic.hpp">
      <Filter>Header Files</Filter>
    </ClInclude>
    <ClInclude Include="correlation\Covariance.h">
      <Filter>Header Files</Filter>
    </ClInclude>
    <ClInclude Include="descriptive\DescriptiveStatistics.h">
      <Filter>Header Files</Filter>
    </ClInclude>
    <ClInclude Include="fitting\EmpiricalDistribution.h">
      <Filter>Header Files</Filter>
    </ClInclude>
    <ClInclude Include="descriptive\moment\FourthMoment.h">
      <Filter>Header Files</Filter>
    </ClInclude>
    <ClInclude Include="descriptive\moment\FirstMoment.h">
      <Filter>Header Files</Filter>
    </ClInclude>
    <ClInclude Include="descriptive\moment\GeometricMean.h">
      <Filter>Header Files</Filter>
    </ClInclude>
    <ClInclude Include="regression\GLSMultipleLinearRegression.h">
      <Filter>Header Files</Filter>
    </ClInclude>
    <ClInclude Include="descriptive\moment\Kurtosis.h">
      <Filter>Header Files</Filter>
    </ClInclude>
    <ClInclude Include="correlation\KendallsCorrelation.h">
      <Filter>Header Files</Filter>
    </ClInclude>
    <ClInclude Include="descriptive\rank\Max.h">
      <Filter>Header Files</Filter>
    </ClInclude>
    <ClInclude Include="LocalizedStatFormats.h">
      <Filter>Header Files</Filter>
    </ClInclude>
    <ClInclude Include="descriptive\rank\Min.h">
      <Filter>Header Files</Filter>
    </ClInclude>
    <ClInclude Include="descriptive\moment\Mean.h">
      <Filter>Header Files</Filter>
    </ClInclude>
    <ClInclude Include="regression\MillerUpdatingRegression.h">
      <Filter>Header Files</Filter>
    </ClInclude>
    <ClInclude Include="fitting\MultivariateNormalMixtureExpectationMaximization.h">
      <Filter>Header Files</Filter>
    </ClInclude>
    <ClInclude Include="descriptive\MultivariateSummaryStatistics.h">
      <Filter>Header Files</Filter>
    </ClInclude>
    <ClInclude Include="ranking\NaturalRanking.h">
      <Filter>Header Files</Filter>
    </ClInclude>
    <ClInclude Include="descriptive\summary\Product.h">
      <Filter>Header Files</Filter>
    </ClInclude>
    <ClInclude Include="inference\OneWayAnova.h">
      <Filter>Header Files</Filter>
    </ClInclude>
    <ClInclude Include="correlation\PearsonsCorrelation.h">
      <Filter>Header Files</Filter>
    </ClInclude>
    <ClInclude Include="descriptive\rank\PSquarePercentile.h">
      <Filter>Header Files</Filter>
    </ClInclude>
    <ClInclude Include="regression\RegressionResults.h">
      <Filter>Header Files</Filter>
    </ClInclude>
    <ClInclude Include="descriptive\moment\SecondMoment.h">
      <Filter>Header Files</Filter>
    </ClInclude>
    <ClInclude Include="descriptive\moment\SemiVariance.h">
      <Filter>Header Files</Filter>
    </ClInclude>
    <ClInclude Include="descriptive\moment\Skewness.h">
      <Filter>Header Files</Filter>
    </ClInclude>
    <ClInclude Include="descriptive\StorelessUnivariateStatistic.h">
      <Filter>Header Files</Filter>
    </ClInclude>
    <ClInclude Include="correlation\SpearmansCorrelation.h">
      <Filter>Header Files</Filter>
    </ClInclude>
    <ClInclude Include="regression\SimpleRegression.h">
      <Filter>Header Files</Filter>
    </ClInclude>
    <ClInclude Include="descriptive\StatisticalMultivariateSummary.h">
      <Filter>Header Files</Filter>
    </ClInclude>
    <ClInclude Include="descriptive\summary\Sum.h">
      <Filter>Header Files</Filter>
    </ClInclude>
    <ClInclude Include="descriptive\summary\SumOfLogs.h">
      <Filter>Header Files</Filter>
    </ClInclude>
    <ClInclude Include="descriptive\StatisticalSummary.h">
      <Filter>Header Files</Filter>
    </ClInclude>
    <ClInclude Include="descriptive\moment\StandardDeviation.h">
      <Filter>Header Files</Filter>
    </ClInclude>
    <ClInclude Include="descriptive\summary\SumOfSquares.h">
      <Filter>Header Files</Filter>
    </ClInclude>
    <ClInclude Include="descriptive\UnivariateStatistic.h">
      <Filter>Header Files</Filter>
    </ClInclude>
    <ClInclude Include="regression\UpdatingMultipleLinearRegression.h">
      <Filter>Header Files</Filter>
    </ClInclude>
    <ClInclude Include="descriptive\moment\ThirdMoment.h">
      <Filter>Header Files</Filter>
    </ClInclude>
    <ClInclude Include="descriptive\StreamingStatistics.h">
      <Filter>Header Files</Filter>
    </ClInclude>
    <ClInclude Include="descriptive\WeightedEvaluation.h">
      <Filter>Header Files</Filter>
    </ClInclude>
    <ClInclude Include="descriptive\moment\Variance.h">
      <Filter>Header Files</Filter>
    </ClInclude>
    <ClInclude Include="descriptive\rank\Median.h">
      <Filter>Header Files</Filter>
    </ClInclude>
    <ClInclude Include="regression\AbstractMultipleLinearRegression.h">
      <Filter>Header Files</Filter>
    </ClInclude>
    <ClInclude Include="descriptive\rank\RandomPercentile.h">
      <Filter>Header Files</Filter>
    </ClInclude>
    <ClInclude Include="inference\BinomialTest.h">
      <Filter>Header Files</Filter>
    </ClInclude>
    <ClInclude Include="inference\GTest.h">
      <Filter>Header Files</Filter>
    </ClInclude>
    <ClInclude Include="inference\KolmogorovSmirnovTest.h">
      <Filter>Header Files</Filter>
    </ClInclude>
    <ClInclude Include="inference\ChiSquareTest.h">
      <Filter>Header Files</Filter>
    </ClInclude>
    <ClInclude Include="inference\MannWhitneyUTest.h">
      <Filter>Header Files</Filter>
    </ClInclude>
    <ClInclude Include="inference\WilcoxonSignedRankTest.h">
      <Filter>Header Files</Filter>
    </ClInclude>
    <ClInclude Include="inference\TTest.h">
      <Filter>Header Files</Filter>
    </ClInclude>
    <ClInclude Include="ranking\NaNStrategy.h">
      <Filter>Header Files</Filter>
    </ClInclude>
    <ClInclude Include="LongFrequency.h">
      <Filter>Header Files</Filter>
    </ClInclude>
    <ClInclude Include="correlation\StorelessBivariateCovariance.h">
      <Filter>Header Files</Filter>
    </ClInclude>
    <ClInclude Include="descriptive\vector\VectorialCovariance.h">
      <Filter>Header Files</Filter>
    </ClInclude>
    <ClInclude Include="descriptive\StatisticalSummaryValues.h">
      <Filter>Header Files</Filter>
    </ClInclude>
    <ClInclude Include="interval\BinomialProportion.h">
      <Filter>Header Files</Filter>
    </ClInclude>
    <ClInclude Include="correlation\StorelessCovariance.h">
      <Filter>Header Files</Filter>
    </ClInclude>
    <ClInclude Include="descriptive\vector\VectorialStorelessStatistic.h">
      <Filter>Header Files</Filter>
    </ClInclude>
    <ClInclude Include="descriptive\package-info.h">
      <Filter>Header Files</Filter>
    </ClInclude>
    <ClInclude Include="regression\MultipleLinearRegression.h">
      <Filter>Header Files</Filter>
    </ClInclude>
    <ClInclude Include="ranking\RankingAlgorithm.h">
      <Filter>Header Files</Filter>
    </ClInclude>
    <ClInclude Include="descriptive\StorelessMultivariateStatistic.h">
      <Filter>Header Files</Filter>
    </ClInclude>
    <ClInclude Include="regression\OLSMultipleLinearRegression.h">
      <Filter>Header Files</Filter>
    </ClInclude>
    <ClInclude Include="interval\ConfidenceInterval.h">
      <Filter>Header Files</Filter>
    </ClInclude>
    <ClInclude Include="regression\package-info.h">
      <Filter>Header Files</Filter>
    </ClInclude>
    <ClInclude Include="ranking\TiesStrategy.h">
      <Filter>Header Files</Filter>
    </ClInclude>
    <ClInclude Include="ranking\package-info.h">
      <Filter>Header Files</Filter>
    </ClInclude>
    <ClInclude Include="interval\package-info.h">
      <Filter>Header Files</Filter>
    </ClInclude>
    <ClInclude Include="inference\package-info.h">
      <Filter>Header Files</Filter>
    </ClInclude>
    <ClInclude Include="inference\InferenceTestUtils.h">
      <Filter>Header Files</Filter>
    </ClInclude>
    <ClInclude Include="inference\AlternativeHypothesis.h">
      <Filter>Header Files</Filter>
    </ClInclude>
    <ClInclude Include="fitting\package-info.h">
      <Filter>Header Files</Filter>
    </ClInclude>
    <ClInclude Include="descriptive\vector\package-info.h">
      <Filter>Header Files</Filter>
    </ClInclude>
    <ClInclude Include="descriptive\summary\package-info.h">
      <Filter>Header Files</Filter>
    </ClInclude>
    <ClInclude Include="descriptive\rank\package-info.h">
      <Filter>Header Files</Filter>
    </ClInclude>
    <ClInclude Include="descriptive\moment\package-info.h">
      <Filter>Header Files</Filter>
    </ClInclude>
    <ClInclude Include="correlation\package-info.h">
      <Filter>Header Files</Filter>
    </ClInclude>
    <ClInclude Include="package-info.h">
      <Filter>Header Files</Filter>
    </ClInclude>
    <ClInclude Include="descriptive\moment\Direction.h">
      <Filter>Header Files</Filter>
    </ClInclude>
  </ItemGroup>
</Project>