<?xml version="1.0" encoding="utf-8"?>
<Project ToolsVersion="4.0" xmlns="http://schemas.microsoft.com/developer/msbuild/2003">
  <ItemGroup>
    <Filter Include="Source Files">
      <UniqueIdentifier>{4FC737F1-C7A5-4376-A066-2A32D752A2FF}</UniqueIdentifier>
      <Extensions>cpp;c;cc;cxx;c++;cppm;ixx;def;odl;idl;hpj;bat;asm;asmx</Extensions>
    </Filter>
    <Filter Include="Header Files">
      <UniqueIdentifier>{93995380-89BD-4b04-88EB-625FBE52EBFB}</UniqueIdentifier>
      <Extensions>h;hh;hpp;hxx;h++;hm;inl;inc;ipp;xsd</Extensions>
    </Filter>
    <Filter Include="Resource Files">
      <UniqueIdentifier>{67DA6AB6-F800-4c08-8B7A-83BB121AAD01}</UniqueIdentifier>
      <Extensions>rc;ico;cur;bmp;dlg;rc2;rct;bin;rgs;gif;jpg;jpeg;jpe;resx;tiff;tif;png;wav;mfcribbon-ms</Extensions>
    </Filter>
  </ItemGroup>
  <ItemGroup>
    <ClInclude Include="CanberraDistance.h">
      <Filter>Header Files</Filter>
    </ClInclude>
    <ClInclude Include="CentroidCluster.h">
      <Filter>Header Files</Filter>
    </ClInclude>
    <ClInclude Include="Cluster.h">
      <Filter>Header Files</Filter>
    </ClInclude>
    <ClInclude Include="Clusterable.h">
      <Filter>Header Files</Filter>
    </ClInclude>
    <ClInclude Include="Clusterer.h">
      <Filter>Header Files</Filter>
    </ClInclude>
    <ClInclude Include="DBSCANClusterer.h">
      <Filter>Header Files</Filter>
    </ClInclude>
    <ClInclude Include="DistanceMeasure.h">
      <Filter>Header Files</Filter>
    </ClInclude>
    <ClInclude Include="DoublePoint.h">
      <Filter>Header Files</Filter>
    </ClInclude>
    <ClInclude Include="EuclideanDistance.h">
      <Filter>Header Files</Filter>
    </ClInclude>
    <ClInclude Include="FuzzyKMeansClusterer.h">
      <Filter>Header Files</Filter>
    </ClInclude>
    <ClInclude Include="KMeansPlusPlusClusterer.h">
      <Filter>Header Files</Filter>
    </ClInclude>
    <ClInclude Include="LocalizedClusteringFormats.h">
      <Filter>Header Files</Filter>
    </ClInclude>
    <ClInclude Include="ManhattanDistance.h">
      <Filter>Header Files</Filter>
    </ClInclude>
    <ClInclude Include="MultiKMeansPlusPlusClusterer.h">
      <Filter>Header Files</Filter>
    </ClInclude>
    <ClInclude Include="package-info.h">
      <Filter>Header Files</Filter>
    </ClInclude>
    <ClInclude Include="evaluation\ClusterEvaluator.h">
      <Filter>Header Files</Filter>
    </ClInclude>
    <ClInclude Include="evaluation\package-info.h">
      <Filter>Header Files</Filter>
    </ClInclude>
    <ClInclude Include="evaluation\SumOfClusterVariances.h">
      <Filter>Header Files</Filter>
    </ClInclude>
    <ClInclude Include="distance\CanberraDistance.h">
      <Filter>Header Files</Filter>
    </ClInclude>
    <ClInclude Include="distance\ChebyshevDistance.h">
      <Filter>Header Files</Filter>
    </ClInclude>
    <ClInclude Include="distance\DistanceMeasure.h">
      <Filter>Header Files</Filter>
    </ClInclude>
    <ClInclude Include="distance\EarthMoversDistance.h">
      <Filter>Header Files</Filter>
    </ClInclude>
    <ClInclude Include="distance\EuclideanDistance.h">
      <Filter>Header Files</Filter>
    </ClInclude>
    <ClInclude Include="distance\ManhattanDistance.h">
      <Filter>Header Files</Filter>
    </ClInclude>
    <ClInclude Include="distance\package-info.h">
      <Filter>Header Files</Filter>
    </ClInclude>
    <ClInclude Include="clustering.h">
      <Filter>Header Files</Filter>
    </ClInclude>
    <ClInclude Include="distance\distance.h">
      <Filter>Header Files</Filter>
    </ClInclude>
    <ClInclude Include="evaluation\evaluation.h">
      <Filter>Header Files</Filter>
    </ClInclude>
  </ItemGroup>
</Project>