<?xml version="1.0" encoding="utf-8"?>
<Project ToolsVersion="4.0" xmlns="http://schemas.microsoft.com/developer/msbuild/2003">
  <ItemGroup>
    <Filter Include="Source Files">
      <UniqueIdentifier>{4FC737F1-C7A5-4376-A066-2A32D752A2FF}</UniqueIdentifier>
      <Extensions>cpp;c;cc;cxx;c++;cppm;ixx;def;odl;idl;hpj;bat;asm;asmx</Extensions>
    </Filter>
    <Filter Include="Header Files">
      <UniqueIdentifier>{93995380-89BD-4b04-88EB-625FBE52EBFB}</UniqueIdentifier>
      <Extensions>h;hh;hpp;hxx;h++;hm;inl;inc;ipp;xsd</Extensions>
    </Filter>
    <Filter Include="Resource Files">
      <UniqueIdentifier>{67DA6AB6-F800-4c08-8B7A-83BB121AAD01}</UniqueIdentifier>
      <Extensions>rc;ico;cur;bmp;dlg;rc2;rct;bin;rgs;gif;jpg;jpeg;jpe;resx;tiff;tif;png;wav;mfcribbon-ms</Extensions>
    </Filter>
  </ItemGroup>
  <ItemGroup>
    <ClInclude Include="euclidean\twod\hull\AklToussaintHeuristic.h">
      <Filter>Header Files</Filter>
    </ClInclude>
    <ClInclude Include="euclidean\twod\hull\AbstractConvexHullGenerator2D.h">
      <Filter>Header Files</Filter>
    </ClInclude>
    <ClInclude Include="euclidean\twod\hull\ConvexHull2D.h">
      <Filter>Header Files</Filter>
    </ClInclude>
    <ClInclude Include="partitioning\BoundaryProjector.h">
      <Filter>Header Files</Filter>
    </ClInclude>
    <ClInclude Include="spherical\oned\ArcsSet.h">
      <Filter>Header Files</Filter>
    </ClInclude>
    <ClInclude Include="partitioning\BoundarySizeVisitor.h">
      <Filter>Header Files</Filter>
    </ClInclude>
    <ClInclude Include="partitioning\BoundaryAttribute.h">
      <Filter>Header Files</Filter>
    </ClInclude>
    <ClInclude Include="partitioning\BoundaryBuilder.h">
      <Filter>Header Files</Filter>
    </ClInclude>
    <ClInclude Include="partitioning\BSPTreeVisitor.h">
      <Filter>Header Files</Filter>
    </ClInclude>
    <ClInclude Include="partitioning\BoundaryProjection.h">
      <Filter>Header Files</Filter>
    </ClInclude>
    <ClInclude Include="partitioning\Characterization.hpp">
      <Filter>Header Files</Filter>
    </ClInclude>
    <ClInclude Include="partitioning\BSPTree.h">
      <Filter>Header Files</Filter>
    </ClInclude>
    <ClInclude Include="enclosing\Encloser.h">
      <Filter>Header Files</Filter>
    </ClInclude>
    <ClInclude Include="spherical\twod\EdgesWithNodeInfoBuilder.h">
      <Filter>Header Files</Filter>
    </ClInclude>
    <ClInclude Include="spherical\twod\EdgeWithNodeInfo.h">
      <Filter>Header Files</Filter>
    </ClInclude>
    <ClInclude Include="partitioning\Hyperplane.h">
      <Filter>Header Files</Filter>
    </ClInclude>
    <ClInclude Include="spherical\oned\LimitAngle.h">
      <Filter>Header Files</Filter>
    </ClInclude>
    <ClInclude Include="euclidean\oned\IntervalsSet.h">
      <Filter>Header Files</Filter>
    </ClInclude>
    <ClInclude Include="euclidean\threed\Line.h">
      <Filter>Header Files</Filter>
    </ClInclude>
    <ClInclude Include="LocalizedGeometryFormats.h">
      <Filter>Header Files</Filter>
    </ClInclude>
    <ClInclude Include="euclidean\twod\Line.h">
      <Filter>Header Files</Filter>
    </ClInclude>
    <ClInclude Include="Point.hpp">
      <Filter>Header Files</Filter>
    </ClInclude>
    <ClInclude Include="euclidean\oned\OrientedPoint.h">
      <Filter>Header Files</Filter>
    </ClInclude>
    <ClInclude Include="euclidean\threed\OutlineExtractor.h">
      <Filter>Header Files</Filter>
    </ClInclude>
    <ClInclude Include="spherical\twod\PropertiesComputer.h">
      <Filter>Header Files</Filter>
    </ClInclude>
    <ClInclude Include="euclidean\twod\PolygonsSet.h">
      <Filter>Header Files</Filter>
    </ClInclude>
    <ClInclude Include="euclidean\threed\PolyhedronsSet.h">
      <Filter>Header Files</Filter>
    </ClInclude>
    <ClInclude Include="euclidean\threed\Plane.h">
      <Filter>Header Files</Filter>
    </ClInclude>
    <ClInclude Include="partitioning\Region.h">
      <Filter>Header Files</Filter>
    </ClInclude>
    <ClInclude Include="euclidean\threed\RotationOrder.h">
      <Filter>Header Files</Filter>
    </ClInclude>
    <ClInclude Include="partitioning\RegionFactory.h">
      <Filter>Header Files</Filter>
    </ClInclude>
    <ClInclude Include="spherical\oned\S1Point.h">
      <Filter>Header Files</Filter>
    </ClInclude>
    <ClInclude Include="euclidean\threed\SphericalCoordinates.h">
      <Filter>Header Files</Filter>
    </ClInclude>
    <ClInclude Include="euclidean\threed\Rotation.h">
      <Filter>Header Files</Filter>
    </ClInclude>
    <ClInclude Include="euclidean\threed\SubLine.h">
      <Filter>Header Files</Filter>
    </ClInclude>
    <ClInclude Include="spherical\twod\SubCircle.h">
      <Filter>Header Files</Filter>
    </ClInclude>
    <ClInclude Include="euclidean\threed\SubPlane.h">
      <Filter>Header Files</Filter>
    </ClInclude>
    <ClInclude Include="euclidean\twod\SubLine.h">
      <Filter>Header Files</Filter>
    </ClInclude>
    <ClInclude Include="spherical\oned\SubLimitAngle.h">
      <Filter>Header Files</Filter>
    </ClInclude>
    <ClInclude Include="spherical\twod\SphericalPolygonsSet.h">
      <Filter>Header Files</Filter>
    </ClInclude>
    <ClInclude Include="euclidean\oned\SubOrientedPoint.h">
      <Filter>Header Files</Filter>
    </ClInclude>
    <ClInclude Include="euclidean\oned\Vector1DFormat.h">
      <Filter>Header Files</Filter>
    </ClInclude>
    <ClInclude Include="Vector.h">
      <Filter>Header Files</Filter>
    </ClInclude>
    <ClInclude Include="spherical\twod\Vertex.h">
      <Filter>Header Files</Filter>
    </ClInclude>
    <ClInclude Include="euclidean\oned\Vector1D.h">
      <Filter>Header Files</Filter>
    </ClInclude>
    <ClInclude Include="euclidean\threed\Vector3DFormat.h">
      <Filter>Header Files</Filter>
    </ClInclude>
    <ClInclude Include="euclidean\twod\Vector2DFormat.h">
      <Filter>Header Files</Filter>
    </ClInclude>
    <ClInclude Include="VectorFormat.hpp">
      <Filter>Header Files</Filter>
    </ClInclude>
    <ClInclude Include="euclidean\threed\Vector3D.h">
      <Filter>Header Files</Filter>
    </ClInclude>
    <ClInclude Include="enclosing\WelzlEncloser.h">
      <Filter>Header Files</Filter>
    </ClInclude>
    <ClInclude Include="euclidean\twod\Vector2D.h">
      <Filter>Header Files</Filter>
    </ClInclude>
    <ClInclude Include="partitioning\AbstractSubHyperplane.h">
      <Filter>Header Files</Filter>
    </ClInclude>
    <ClInclude Include="spherical\twod\S2Point.h">
      <Filter>Header Files</Filter>
    </ClInclude>
    <ClInclude Include="partitioning\AbstractRegion.h">
      <Filter>Header Files</Filter>
    </ClInclude>
    <ClInclude Include="euclidean\threed\FieldVector3D.h">
      <Filter>Header Files</Filter>
    </ClInclude>
    <ClInclude Include="partitioning\SubHyperplane.h">
      <Filter>Header Files</Filter>
    </ClInclude>
    <ClInclude Include="euclidean\threed\FieldLine.h">
      <Filter>Header Files</Filter>
    </ClInclude>
    <ClInclude Include="euclidean\twod\FieldVector2D.h">
      <Filter>Header Files</Filter>
    </ClInclude>
    <ClInclude Include="euclidean\threed\FieldRotation.h">
      <Filter>Header Files</Filter>
    </ClInclude>
    <ClInclude Include="euclidean\threed\SphereGenerator.h">
      <Filter>Header Files</Filter>
    </ClInclude>
    <ClInclude Include="euclidean\twod\DiskGenerator.h">
      <Filter>Header Files</Filter>
    </ClInclude>
    <ClInclude Include="partitioning\Transform.h">
      <Filter>Header Files</Filter>
    </ClInclude>
    <ClInclude Include="partitioning\Side.h">
      <Filter>Header Files</Filter>
    </ClInclude>
    <ClInclude Include="spherical\twod\Edge.h">
      <Filter>Header Files</Filter>
    </ClInclude>
    <ClInclude Include="spherical\oned\Arc.h">
      <Filter>Header Files</Filter>
    </ClInclude>
    <ClInclude Include="spherical\twod\Circle.h">
      <Filter>Header Files</Filter>
    </ClInclude>
    <ClInclude Include="spherical\twod\Sphere2D.h">
      <Filter>Header Files</Filter>
    </ClInclude>
    <ClInclude Include="spherical\oned\Sphere1D.h">
      <Filter>Header Files</Filter>
    </ClInclude>
    <ClInclude Include="enclosing\SupportBallGenerator.h">
      <Filter>Header Files</Filter>
    </ClInclude>
    <ClInclude Include="hull\ConvexHullGenerator.h">
      <Filter>Header Files</Filter>
    </ClInclude>
    <ClInclude Include="hull\ConvexHull.hpp">
      <Filter>Header Files</Filter>
    </ClInclude>
    <ClInclude Include="partitioning\Embedding.h">
      <Filter>Header Files</Filter>
    </ClInclude>
    <ClInclude Include="euclidean\twod\hull\ConvexHullGenerator2D.h">
      <Filter>Header Files</Filter>
    </ClInclude>
    <ClInclude Include="Space.h">
      <Filter>Header Files</Filter>
    </ClInclude>
    <ClInclude Include="enclosing\EnclosingBall.h">
      <Filter>Header Files</Filter>
    </ClInclude>
    <ClInclude Include="euclidean\twod\Euclidean2D.h">
      <Filter>Header Files</Filter>
    </ClInclude>
    <ClInclude Include="euclidean\oned\Euclidean1D.h">
      <Filter>Header Files</Filter>
    </ClInclude>
    <ClInclude Include="euclidean\threed\Euclidean3D.h">
      <Filter>Header Files</Filter>
    </ClInclude>
    <ClInclude Include="euclidean\twod\hull\MonotoneChain.h">
      <Filter>Header Files</Filter>
    </ClInclude>
    <ClInclude Include="partitioning\NodesSet.h">
      <Filter>Header Files</Filter>
    </ClInclude>
    <ClInclude Include="package-info.h">
      <Filter>Header Files</Filter>
    </ClInclude>
    <ClInclude Include="spherical\twod\package-info.h">
      <Filter>Header Files</Filter>
    </ClInclude>
    <ClInclude Include="spherical\oned\package-info.h">
      <Filter>Header Files</Filter>
    </ClInclude>
    <ClInclude Include="partitioning\package-info.h">
      <Filter>Header Files</Filter>
    </ClInclude>
    <ClInclude Include="hull\package-info.h">
      <Filter>Header Files</Filter>
    </ClInclude>
    <ClInclude Include="euclidean\twod\hull\package-info.h">
      <Filter>Header Files</Filter>
    </ClInclude>
    <ClInclude Include="euclidean\twod\Segment.h">
      <Filter>Header Files</Filter>
    </ClInclude>
    <ClInclude Include="euclidean\twod\package-info.h">
      <Filter>Header Files</Filter>
    </ClInclude>
    <ClInclude Include="euclidean\threed\Segment.h">
      <Filter>Header Files</Filter>
    </ClInclude>
    <ClInclude Include="euclidean\threed\RotationConvention.h">
      <Filter>Header Files</Filter>
    </ClInclude>
    <ClInclude Include="euclidean\threed\package-info.h">
      <Filter>Header Files</Filter>
    </ClInclude>
    <ClInclude Include="euclidean\oned\package-info.h">
      <Filter>Header Files</Filter>
    </ClInclude>
    <ClInclude Include="euclidean\oned\Interval.h">
      <Filter>Header Files</Filter>
    </ClInclude>
    <ClInclude Include="enclosing\package-info.h">
      <Filter>Header Files</Filter>
    </ClInclude>
    <ClInclude Include="spherical\oned\Split.h">
      <Filter>Header Files</Filter>
    </ClInclude>
    <ClInclude Include="spherical\oned\Inconsistent_State_At_2_Pi_Wrapping.h">
      <Filter>Header Files</Filter>
    </ClInclude>
    <ClInclude Include="spherical\oned\Sub_Arcs_Iterator.h">
      <Filter>Header Files</Filter>
    </ClInclude>
    <ClInclude Include="spherical\oned\Sub_Intervals_Iterator.h">
      <Filter>Header Files</Filter>
    </ClInclude>
  </ItemGroup>
</Project>