<?xml version="1.0" encoding="utf-8"?>
<Project ToolsVersion="4.0" xmlns="http://schemas.microsoft.com/developer/msbuild/2003">
  <ItemGroup>
    <Filter Include="Header Files">
      <UniqueIdentifier>{93995380-89BD-4b04-88EB-625FBE52EBFB}</UniqueIdentifier>
      <Extensions>h;hh;hpp;hxx;h++;hm;inl;inc;ipp;xsd</Extensions>
    </Filter>
    <Filter Include="Source Files">
      <UniqueIdentifier>{5f1c2f11-8980-4132-a341-2fc40859e0fa}</UniqueIdentifier>
    </Filter>
  </ItemGroup>
  <ItemGroup>
    <ClInclude Include="special\elliptic\carlson\RjFieldDuplication.hpp">
      <Filter>Header Files</Filter>
    </ClInclude>
    <ClInclude Include="special\elliptic\legendre\LegendreEllipticIntegral.h">
      <Filter>Header Files</Filter>
    </ClInclude>
    <ClInclude Include="exception\NullArgumentException.h">
      <Filter>Header Files</Filter>
    </ClInclude>
    <ClInclude Include="linear\Array2DRowFieldMatrix.h">
      <Filter>Header Files</Filter>
    </ClInclude>
    <ClInclude Include="fraction\AbstractFormat.h">
      <Filter>Header Files</Filter>
    </ClInclude>
    <ClInclude Include="analysis\function\Atanh.h">
      <Filter>Header Files</Filter>
    </ClInclude>
    <ClInclude Include="linear\Array2DRowRealMatrix.h">
      <Filter>Header Files</Filter>
    </ClInclude>
    <ClInclude Include="fraction\BigFractionFormat.h">
      <Filter>Header Files</Filter>
    </ClInclude>
    <ClInclude Include="linear\ArrayRealVector.h">
      <Filter>Header Files</Filter>
    </ClInclude>
    <ClInclude Include="linear\BiDiagonalTransformer.h">
      <Filter>Header Files</Filter>
    </ClInclude>
    <ClInclude Include="fraction\BigFraction.h">
      <Filter>Header Files</Filter>
    </ClInclude>
    <ClInclude Include="analysis\solvers\BracketingNthOrderBrentSolver.h">
      <Filter>Header Files</Filter>
    </ClInclude>
    <ClInclude Include="linear\CholeskyDecomposer.h">
      <Filter>Header Files</Filter>
    </ClInclude>
    <ClInclude Include="complex\ComplexFormat.h">
      <Filter>Header Files</Filter>
    </ClInclude>
    <ClInclude Include="linear\CholeskyDecomposition.h">
      <Filter>Header Files</Filter>
    </ClInclude>
    <ClInclude Include="util\CombinatoricsUtils.h">
      <Filter>Header Files</Filter>
    </ClInclude>
    <ClInclude Include="fraction\ConvergentsIterator.h">
      <Filter>Header Files</Filter>
    </ClInclude>
    <ClInclude Include="util\CompositeFormat.h">
      <Filter>Header Files</Filter>
    </ClInclude>
    <ClInclude Include="random\CorrelatedRandomVectorGenerator.h">
      <Filter>Header Files</Filter>
    </ClInclude>
    <ClInclude Include="linear\ConjugateGradient.h">
      <Filter>Header Files</Filter>
    </ClInclude>
    <ClInclude Include="linear\DefaultIterativeLinearSolverEvent.h">
      <Filter>Header Files</Filter>
    </ClInclude>
    <ClInclude Include="linear\ArrayFieldVector.hpp">
      <Filter>Header Files</Filter>
    </ClInclude>
    <ClInclude Include="analysis\differentiation\Derivative.h">
      <Filter>Header Files</Filter>
    </ClInclude>
    <ClInclude Include="linear\DiagonalMatrix.h">
      <Filter>Header Files</Filter>
    </ClInclude>
    <ClInclude Include="distribution\EnumeratedDistribution.hpp">
      <Filter>Header Files</Filter>
    </ClInclude>
    <ClInclude Include="distribution\continuous\EnumeratedRealDistribution.h">
      <Filter>Header Files</Filter>
    </ClInclude>
    <ClInclude Include="distribution\discrete\EnumeratedIntegerDistribution.h">
      <Filter>Header Files</Filter>
    </ClInclude>
    <ClInclude Include="FieldElement.h">
      <Filter>Header Files</Filter>
    </ClInclude>
    <ClInclude Include="dfp\DfpField.h">
      <Filter>Header Files</Filter>
    </ClInclude>
    <ClInclude Include="analysis\integration\FieldUnivariateIntegrator.h">
      <Filter>Header Files</Filter>
    </ClInclude>
    <ClInclude Include="linear\EigenDecomposition.h">
      <Filter>Header Files</Filter>
    </ClInclude>
    <ClInclude Include="complex\Complex.h">
      <Filter>Header Files</Filter>
    </ClInclude>
    <ClInclude Include="analysis\integration\gauss\FieldGaussIntegrator.h">
      <Filter>Header Files</Filter>
    </ClInclude>
    <ClInclude Include="special\elliptic\carlson\FieldDuplication.hpp">
      <Filter>Header Files</Filter>
    </ClInclude>
    <ClInclude Include="util\FastMathCalc.h">
      <Filter>Header Files</Filter>
    </ClInclude>
    <ClInclude Include="random\GaussianRandomGenerator.h">
      <Filter>Header Files</Filter>
    </ClInclude>
    <ClInclude Include="linear\FieldVector.h">
      <Filter>Header Files</Filter>
    </ClInclude>
    <ClInclude Include="linear\FieldLUDecomposition.h">
      <Filter>Header Files</Filter>
    </ClInclude>
    <ClInclude Include="linear\FieldMatrix.hpp">
      <Filter>Header Files</Filter>
    </ClInclude>
    <ClInclude Include="analysis\interpolation\FieldHermiteInterpolator.h">
      <Filter>Header Files</Filter>
    </ClInclude>
    <ClInclude Include="fraction\Fraction.h">
      <Filter>Header Files</Filter>
    </ClInclude>
    <ClInclude Include="dfp\Dfp.h">
      <Filter>Header Files</Filter>
    </ClInclude>
    <ClInclude Include="analysis\function\Gaussian.hpp">
      <Filter>Header Files</Filter>
    </ClInclude>
    <ClInclude Include="linear\HessenbergTransformer.h">
      <Filter>Header Files</Filter>
    </ClInclude>
    <ClInclude Include="random\HaltonSequenceGenerator.h">
      <Filter>Header Files</Filter>
    </ClInclude>
    <ClInclude Include="analysis\function\HarmonicOscillator.hpp">
      <Filter>Header Files</Filter>
    </ClInclude>
    <ClInclude Include="analysis\interpolation\HermiteInterpolator.h">
      <Filter>Header Files</Filter>
    </ClInclude>
    <ClInclude Include="util\Incrementor.hpp">
      <Filter>Header Files</Filter>
    </ClInclude>
    <ClInclude Include="random\ISAACRandom.h">
      <Filter>Header Files</Filter>
    </ClInclude>
    <ClInclude Include="random\JDKRandomGenerator.h">
      <Filter>Header Files</Filter>
    </ClInclude>
    <ClInclude Include="util\IterationManager.h">
      <Filter>Header Files</Filter>
    </ClInclude>
    <ClInclude Include="analysis\solvers\LaguerreSolver.h">
      <Filter>Header Files</Filter>
    </ClInclude>
    <ClInclude Include="exception\LocalizedCoreFormats.h">
      <Filter>Header Files</Filter>
    </ClInclude>
    <ClInclude Include="analysis\function\Logistic.hpp">
      <Filter>Header Files</Filter>
    </ClInclude>
    <ClInclude Include="analysis\function\Logit.hpp">
      <Filter>Header Files</Filter>
    </ClInclude>
    <ClInclude Include="linear\LUDecomposition.h">
      <Filter>Header Files</Filter>
    </ClInclude>
    <ClInclude Include="random\MersenneTwister.h">
      <Filter>Header Files</Filter>
    </ClInclude>
    <ClInclude Include="analysis\interpolation\MicrosphereProjectionInterpolator.h">
      <Filter>Header Files</Filter>
    </ClInclude>
    <ClInclude Include="distribution\multivariate\MixtureMultivariateRealDistribution.hpp">
      <Filter>Header Files</Filter>
    </ClInclude>
    <ClInclude Include="analysis\interpolation\MultivariateInterpolator.h">
      <Filter>Header Files</Filter>
    </ClInclude>
    <ClInclude Include="distribution\multivariate\MixtureMultivariateNormalDistribution.h">
      <Filter>Header Files</Filter>
    </ClInclude>
    <ClInclude Include="distribution\multivariate\MultivariateNormalDistribution.h">
      <Filter>Header Files</Filter>
    </ClInclude>
    <ClInclude Include="random\NormalizedRandomGenerator.h">
      <Filter>Header Files</Filter>
    </ClInclude>
    <ClInclude Include="fraction\FractionFormat.h">
      <Filter>Header Files</Filter>
    </ClInclude>
    <ClInclude Include="util\Pair.h">
      <Filter>Header Files</Filter>
    </ClInclude>
    <ClInclude Include="analysis\interpolation\PiecewiseBicubicSplineInterpolator.h">
      <Filter>Header Files</Filter>
    </ClInclude>
    <ClInclude Include="fraction\ProperFractionFormat.h">
      <Filter>Header Files</Filter>
    </ClInclude>
    <ClInclude Include="fraction\ProperBigFractionFormat.h">
      <Filter>Header Files</Filter>
    </ClInclude>
    <ClInclude Include="linear\RealVectorFormat.h">
      <Filter>Header Files</Filter>
    </ClInclude>
    <ClInclude Include="random\RandomAdaptor.h">
      <Filter>Header Files</Filter>
    </ClInclude>
    <ClInclude Include="linear\RealMatrixFormat.h">
      <Filter>Header Files</Filter>
    </ClInclude>
    <ClInclude Include="linear\RealMatrix.h">
      <Filter>Header Files</Filter>
    </ClInclude>
    <ClInclude Include="complex\RootsOfUnity.h">
      <Filter>Header Files</Filter>
    </ClInclude>
    <ClInclude Include="linear\QRDecomposition.h">
      <Filter>Header Files</Filter>
    </ClInclude>
    <ClInclude Include="linear\RRQRDecomposition.h">
      <Filter>Header Files</Filter>
    </ClInclude>
    <ClInclude Include="random\RandomDataGenerator.h">
      <Filter>Header Files</Filter>
    </ClInclude>
    <ClInclude Include="util\ResizableDoubleArray.h">
      <Filter>Header Files</Filter>
    </ClInclude>
    <ClInclude Include="analysis\function\Sigmoid.hpp">
      <Filter>Header Files</Filter>
    </ClInclude>
    <ClInclude Include="linear\RealVector.h">
      <Filter>Header Files</Filter>
    </ClInclude>
    <ClInclude Include="linear\SchurTransformer.h">
      <Filter>Header Files</Filter>
    </ClInclude>
    <ClInclude Include="random\StableRandomGenerator.h">
      <Filter>Header Files</Filter>
    </ClInclude>
    <ClInclude Include="random\SobolSequenceGenerator.h">
      <Filter>Header Files</Filter>
    </ClInclude>
    <ClInclude Include="analysis\function\StepFunction.h">
      <Filter>Header Files</Filter>
    </ClInclude>
    <ClInclude Include="linear\SingularValueDecomposition.h">
      <Filter>Header Files</Filter>
    </ClInclude>
    <ClInclude Include="random\UniformRandomGenerator.h">
      <Filter>Header Files</Filter>
    </ClInclude>
    <ClInclude Include="random\UncorrelatedRandomVectorGenerator.h">
      <Filter>Header Files</Filter>
    </ClInclude>
    <ClInclude Include="analysis\integration\UnivariateIntegrator.h">
      <Filter>Header Files</Filter>
    </ClInclude>
    <ClInclude Include="linear\TriDiagonalTransformer.h">
      <Filter>Header Files</Filter>
    </ClInclude>
    <ClInclude Include="exception\UTF8Control.h">
      <Filter>Header Files</Filter>
    </ClInclude>
    <ClInclude Include="random\Well1024a.h">
      <Filter>Header Files</Filter>
    </ClInclude>
    <ClInclude Include="random\Well19937a.h">
      <Filter>Header Files</Filter>
    </ClInclude>
    <ClInclude Include="random\Well19937c.h">
      <Filter>Header Files</Filter>
    </ClInclude>
    <ClInclude Include="random\Well44497a.h">
      <Filter>Header Files</Filter>
    </ClInclude>
    <ClInclude Include="random\Well44497b.h">
      <Filter>Header Files</Filter>
    </ClInclude>
    <ClInclude Include="random\Well512a.h">
      <Filter>Header Files</Filter>
    </ClInclude>
    <ClInclude Include="analysis\integration\BaseAbstractFieldUnivariateIntegrator.hpp">
      <Filter>Header Files</Filter>
    </ClInclude>
    <ClInclude Include="analysis\integration\gauss\AbstractRuleFactory.h">
      <Filter>Header Files</Filter>
    </ClInclude>
    <ClInclude Include="analysis\integration\BaseAbstractUnivariateIntegrator.h">
      <Filter>Header Files</Filter>
    </ClInclude>
    <ClInclude Include="analysis\differentiation\GradientField.h">
      <Filter>Header Files</Filter>
    </ClInclude>
    <ClInclude Include="analysis\differentiation\UnivariateDifferentiableFunction.h">
      <Filter>Header Files</Filter>
    </ClInclude>
    <ClInclude Include="analysis\solvers\BaseSecantSolver.h">
      <Filter>Header Files</Filter>
    </ClInclude>
    <ClInclude Include="analysis\FunctionUtils.h">
      <Filter>Header Files</Filter>
    </ClInclude>
    <ClInclude Include="random\AbstractWell.h">
      <Filter>Header Files</Filter>
    </ClInclude>
    <ClInclude Include="linear\PreconditionedIterativeLinearSolver.h">
      <Filter>Header Files</Filter>
    </ClInclude>
    <ClInclude Include="analysis\differentiation\FieldDerivativeStructure.h">
      <Filter>Header Files</Filter>
    </ClInclude>
    <ClInclude Include="linear\IterativeLinearSolver.h">
      <Filter>Header Files</Filter>
    </ClInclude>
    <ClInclude Include="analysis\differentiation\FiniteDifferencesDifferentiator.h">
      <Filter>Header Files</Filter>
    </ClInclude>
    <ClInclude Include="linear\SymmLQ.h">
      <Filter>Header Files</Filter>
    </ClInclude>
    <ClInclude Include="linear\ComplexEigenDecomposition.h">
      <Filter>Header Files</Filter>
    </ClInclude>
    <ClInclude Include="complex\FieldComplexField.h">
      <Filter>Header Files</Filter>
    </ClInclude>
    <ClInclude Include="linear\AbstractFieldMatrix.hpp">
      <Filter>Header Files</Filter>
    </ClInclude>
    <ClInclude Include="analysis\differentiation\FDSFactory.h">
      <Filter>Header Files</Filter>
    </ClInclude>
    <ClInclude Include="complex\FieldComplex.h">
      <Filter>Header Files</Filter>
    </ClInclude>
    <ClInclude Include="analysis\differentiation\FieldUnivariateDerivative1.h">
      <Filter>Header Files</Filter>
    </ClInclude>
    <ClInclude Include="analysis\FieldMultivariateFunction.h">
      <Filter>Header Files</Filter>
    </ClInclude>
    <ClInclude Include="analysis\FieldMultivariateVectorFunction.h">
      <Filter>Header Files</Filter>
    </ClInclude>
    <ClInclude Include="analysis\FieldMultivariateMatrixFunction.h">
      <Filter>Header Files</Filter>
    </ClInclude>
    <ClInclude Include="analysis\FieldUnivariateMatrixFunction.h">
      <Filter>Header Files</Filter>
    </ClInclude>
    <ClInclude Include="analysis\FieldUnivariateFunction.h">
      <Filter>Header Files</Filter>
    </ClInclude>
    <ClInclude Include="analysis\FieldUnivariateVectorFunction.h">
      <Filter>Header Files</Filter>
    </ClInclude>
    <ClInclude Include="analysis\differentiation\FieldUnivariateDerivative2.h">
      <Filter>Header Files</Filter>
    </ClInclude>
    <ClInclude Include="analysis\differentiation\FieldGradient.h">
      <Filter>Header Files</Filter>
    </ClInclude>
    <ClInclude Include="analysis\integration\FieldRombergIntegrator.h">
      <Filter>Header Files</Filter>
    </ClInclude>
    <ClInclude Include="analysis\integration\FieldTrapezoidIntegrator.h">
      <Filter>Header Files</Filter>
    </ClInclude>
    <ClInclude Include="analysis\integration\gauss\FieldHermiteRuleFactory.h">
      <Filter>Header Files</Filter>
    </ClInclude>
    <ClInclude Include="analysis\integration\FieldSimpsonIntegrator.h">
      <Filter>Header Files</Filter>
    </ClInclude>
    <ClInclude Include="analysis\differentiation\FieldUnivariateDerivative2Field.h">
      <Filter>Header Files</Filter>
    </ClInclude>
    <ClInclude Include="analysis\integration\FieldMidPointIntegrator.h">
      <Filter>Header Files</Filter>
    </ClInclude>
    <ClInclude Include="analysis\function\Atan.h">
      <Filter>Header Files</Filter>
    </ClInclude>
    <ClInclude Include="analysis\differentiation\DSCompiler.h">
      <Filter>Header Files</Filter>
    </ClInclude>
    <ClInclude Include="analysis\integration\gauss\FieldGaussIntegratorFactory.h">
      <Filter>Header Files</Filter>
    </ClInclude>
    <ClInclude Include="analysis\integration\gauss\FieldAbstractRuleFactory.h">
      <Filter>Header Files</Filter>
    </ClInclude>
    <ClInclude Include="analysis\interpolation\FieldUnivariateInterpolator.h">
      <Filter>Header Files</Filter>
    </ClInclude>
    <ClInclude Include="analysis\integration\gauss\SymmetricFieldGaussIntegrator.h">
      <Filter>Header Files</Filter>
    </ClInclude>
    <ClInclude Include="analysis\integration\gauss\FieldLegendreRuleFactory.h">
      <Filter>Header Files</Filter>
    </ClInclude>
    <ClInclude Include="analysis\polynomials\PolynomialFunction.hpp">
      <Filter>Header Files</Filter>
    </ClInclude>
    <ClInclude Include="analysis\integration\IterativeLegendreFieldGaussIntegrator.h">
      <Filter>Header Files</Filter>
    </ClInclude>
    <ClInclude Include="analysis\integration\gauss\FieldLaguerreRuleFactory.h">
      <Filter>Header Files</Filter>
    </ClInclude>
    <ClInclude Include="analysis\interpolation\SplineInterpolator.h">
      <Filter>Header Files</Filter>
    </ClInclude>
    <ClInclude Include="analysis\interpolation\LinearInterpolator.h">
      <Filter>Header Files</Filter>
    </ClInclude>
    <ClInclude Include="complex\FieldComplexUnivariateIntegrator.h">
      <Filter>Header Files</Filter>
    </ClInclude>
    <ClInclude Include="exception\MathRuntimeException.h">
      <Filter>Header Files</Filter>
    </ClInclude>
    <ClInclude Include="analysis\polynomials\FieldPolynomialFunction.h">
      <Filter>Header Files</Filter>
    </ClInclude>
    <ClInclude Include="analysis\interpolation\AkimaSplineInterpolator.h">
      <Filter>Header Files</Filter>
    </ClInclude>
    <ClInclude Include="special\elliptic\jacobi\FieldBigParameter.h">
      <Filter>Header Files</Filter>
    </ClInclude>
    <ClInclude Include="analysis\polynomials\PolynomialFunctionNewtonForm.h">
      <Filter>Header Files</Filter>
    </ClInclude>
    <ClInclude Include="special\elliptic\jacobi\FieldBoundedParameter.h">
      <Filter>Header Files</Filter>
    </ClInclude>
    <ClInclude Include="analysis\polynomials\PolynomialSplineFunction.h">
      <Filter>Header Files</Filter>
    </ClInclude>
    <ClInclude Include="analysis\polynomials\FieldPolynomialSplineFunction.h">
      <Filter>Header Files</Filter>
    </ClInclude>
    <ClInclude Include="analysis\solvers\FieldBracketingNthOrderBrentSolver.h">
      <Filter>Header Files</Filter>
    </ClInclude>
    <ClInclude Include="linear\DependentVectorsHandler.h">
      <Filter>Header Files</Filter>
    </ClInclude>
    <ClInclude Include="analysis\solvers\BracketedRealFieldUnivariateSolver.h">
      <Filter>Header Files</Filter>
    </ClInclude>
    <ClInclude Include="linear\FieldQRDecomposition.hpp">
      <Filter>Header Files</Filter>
    </ClInclude>
    <ClInclude Include="special\elliptic\jacobi\FieldCopolarC.h">
      <Filter>Header Files</Filter>
    </ClInclude>
    <ClInclude Include="special\elliptic\jacobi\FieldNearZeroParameter.h">
      <Filter>Header Files</Filter>
    </ClInclude>
    <ClInclude Include="special\elliptic\jacobi\FieldCopolarN.h">
      <Filter>Header Files</Filter>
    </ClInclude>
    <ClInclude Include="special\elliptic\jacobi\FieldNegativeParameter.h">
      <Filter>Header Files</Filter>
    </ClInclude>
    <ClInclude Include="special\elliptic\jacobi\FieldCopolarD.h">
      <Filter>Header Files</Filter>
    </ClInclude>
    <ClInclude Include="special\elliptic\jacobi\FieldCopolarS.h">
      <Filter>Header Files</Filter>
    </ClInclude>
    <ClInclude Include="util\MathUtils.h">
      <Filter>Header Files</Filter>
    </ClInclude>
    <ClInclude Include="util\FieldTuple.h">
      <Filter>Header Files</Filter>
    </ClInclude>
    <ClInclude Include="linear\MatrixUtils.h">
      <Filter>Header Files</Filter>
    </ClInclude>
    <ClInclude Include="special\elliptic\jacobi\FieldTheta.h">
      <Filter>Header Files</Filter>
    </ClInclude>
    <ClInclude Include="analysis\polynomials\PolynomialsUtils.h">
      <Filter>Header Files</Filter>
    </ClInclude>
    <ClInclude Include="special\elliptic\jacobi\FieldNearOneParameter.h">
      <Filter>Header Files</Filter>
    </ClInclude>
    <ClInclude Include="special\elliptic\jacobi\FieldJacobiTheta.h">
      <Filter>Header Files</Filter>
    </ClInclude>
    <ClInclude Include="util\MathArrays.h">
      <Filter>Header Files</Filter>
    </ClInclude>
    <ClInclude Include="special\elliptic\jacobi\FieldJacobiElliptic.h">
      <Filter>Header Files</Filter>
    </ClInclude>
    <ClInclude Include="util\FastMath.h">
      <Filter>Header Files</Filter>
    </ClInclude>
    <ClInclude Include="special\elliptic\carlson\RfFieldDuplication.hpp">
      <Filter>Header Files</Filter>
    </ClInclude>
    <ClInclude Include="special\elliptic\carlson\RcFieldDuplication.hpp">
      <Filter>Header Files</Filter>
    </ClInclude>
    <ClInclude Include="special\elliptic\carlson\RdFieldDuplication.hpp">
      <Filter>Header Files</Filter>
    </ClInclude>
    <ClInclude Include="special\elliptic\carlson\CarlsonEllipticIntegral.h">
      <Filter>Header Files</Filter>
    </ClInclude>
    <ClInclude Include="util\KthSelector.h">
      <Filter>Header Files</Filter>
    </ClInclude>
    <ClInclude Include="exception\MathIllegalStateException.h">
      <Filter>Header Files</Filter>
    </ClInclude>
    <ClInclude Include="exception\MathIllegalArgumentException.h">
      <Filter>Header Files</Filter>
    </ClInclude>
    <ClInclude Include="analysis\CalculusFieldMultivariateFunction.h">
      <Filter>Header Files</Filter>
    </ClInclude>
    <ClInclude Include="distribution\discrete\AbstractIntegerDistribution.h">
      <Filter>Header Files</Filter>
    </ClInclude>
    <ClInclude Include="analysis\solvers\AbstractPolynomialSolver.h">
      <Filter>Header Files</Filter>
    </ClInclude>
    <ClInclude Include="analysis\solvers\AbstractUnivariateDifferentiableSolver.h">
      <Filter>Header Files</Filter>
    </ClInclude>
    <ClInclude Include="analysis\solvers\AbstractUnivariateSolver.h">
      <Filter>Header Files</Filter>
    </ClInclude>
    <ClInclude Include="distribution\continuous\AbstractRealDistribution.h">
      <Filter>Header Files</Filter>
    </ClInclude>
    <ClInclude Include="util\ContinuedFraction.h">
      <Filter>Header Files</Filter>
    </ClInclude>
    <ClInclude Include="linear\IterativeLinearSolverEvent.h">
      <Filter>Header Files</Filter>
    </ClInclude>
    <ClInclude Include="special\elliptic\jacobi\JacobiElliptic.h">
      <Filter>Header Files</Filter>
    </ClInclude>
    <ClInclude Include="linear\SparseRealVector.h">
      <Filter>Header Files</Filter>
    </ClInclude>
    <ClInclude Include="analysis\differentiation\UnivariateDerivative.hpp">
      <Filter>Header Files</Filter>
    </ClInclude>
    <ClInclude Include="special\Gamma.h">
      <Filter>Header Files</Filter>
    </ClInclude>
    <ClInclude Include="distribution\multivariate\AbstractMultivariateRealDistribution.h">
      <Filter>Header Files</Filter>
    </ClInclude>
    <ClInclude Include="special\elliptic\carlson\RdRealDuplication.h">
      <Filter>Header Files</Filter>
    </ClInclude>
    <ClInclude Include="special\elliptic\carlson\RealDuplication.h">
      <Filter>Header Files</Filter>
    </ClInclude>
    <ClInclude Include="special\elliptic\carlson\RcRealDuplication.h">
      <Filter>Header Files</Filter>
    </ClInclude>
    <ClInclude Include="special\elliptic\carlson\RjRealDuplication.h">
      <Filter>Header Files</Filter>
    </ClInclude>
    <ClInclude Include="util\PivotingStrategy.h">
      <Filter>Header Files</Filter>
    </ClInclude>
    <ClInclude Include="util\Comparable.h">
      <Filter>Header Files</Filter>
    </ClInclude>
    <ClInclude Include="complex\ComplexComparator.h">
      <Filter>Header Files</Filter>
    </ClInclude>
    <ClInclude Include="complex\ComplexField.h">
      <Filter>Header Files</Filter>
    </ClInclude>
    <ClInclude Include="complex\package-info.h">
      <Filter>Header Files</Filter>
    </ClInclude>
    <ClInclude Include="complex\ComplexUnivariateIntegrator.h">
      <Filter>Header Files</Filter>
    </ClInclude>
    <ClInclude Include="linear\OrderedComplexEigenDecomposition.h">
      <Filter>Header Files</Filter>
    </ClInclude>
    <ClInclude Include="linear\RiccatiEquationSolverImpl.h">
      <Filter>Header Files</Filter>
    </ClInclude>
    <ClInclude Include="special\elliptic\jacobi\ComplexParameter.h">
      <Filter>Header Files</Filter>
    </ClInclude>
    <ClInclude Include="special\elliptic\jacobi\Theta.h">
      <Filter>Header Files</Filter>
    </ClInclude>
    <ClInclude Include="linear\OrderedEigenDecomposition.h">
      <Filter>Header Files</Filter>
    </ClInclude>
    <ClInclude Include="special\elliptic\jacobi\BoundedParameter.h">
      <Filter>Header Files</Filter>
    </ClInclude>
    <ClInclude Include="special\elliptic\jacobi\JacobiTheta.h">
      <Filter>Header Files</Filter>
    </ClInclude>
    <ClInclude Include="analysis\differentiation\UnivariateDerivative1.h">
      <Filter>Header Files</Filter>
    </ClInclude>
    <ClInclude Include="analysis\function\Cbrt.h">
      <Filter>Header Files</Filter>
    </ClInclude>
    <ClInclude Include="analysis\differentiation\SparseGradient.h">
      <Filter>Header Files</Filter>
    </ClInclude>
    <ClInclude Include="analysis\differentiation\UnivariateDerivative2.h">
      <Filter>Header Files</Filter>
    </ClInclude>
    <ClInclude Include="util\Decimal64.h">
      <Filter>Header Files</Filter>
    </ClInclude>
    <ClInclude Include="distribution\continuous\CauchyDistribution.h">
      <Filter>Header Files</Filter>
    </ClInclude>
    <ClInclude Include="analysis\differentiation\DSFactory.h">
      <Filter>Header Files</Filter>
    </ClInclude>
    <ClInclude Include="util\Tuple.h">
      <Filter>Header Files</Filter>
    </ClInclude>
    <ClInclude Include="analysis\differentiation\Gradient.h">
      <Filter>Header Files</Filter>
    </ClInclude>
    <ClInclude Include="distribution\MultivariateRealDistribution.h">
      <Filter>Header Files</Filter>
    </ClInclude>
    <ClInclude Include="distribution\IntegerDistribution.h">
      <Filter>Header Files</Filter>
    </ClInclude>
    <ClInclude Include="distribution\RealDistribution.h">
      <Filter>Header Files</Filter>
    </ClInclude>
    <ClInclude Include="distribution\continuous\TDistribution.h">
      <Filter>Header Files</Filter>
    </ClInclude>
    <ClInclude Include="distribution\continuous\FDistribution.h">
      <Filter>Header Files</Filter>
    </ClInclude>
    <ClInclude Include="distribution\continuous\LevyDistribution.h">
      <Filter>Header Files</Filter>
    </ClInclude>
    <ClInclude Include="util\FastMathLiteralArrays.h">
      <Filter>Header Files</Filter>
    </ClInclude>
    <ClInclude Include="random\RandomGenerator.h">
      <Filter>Header Files</Filter>
    </ClInclude>
    <ClInclude Include="random\ForwardingRandomGenerator.h">
      <Filter>Header Files</Filter>
    </ClInclude>
    <ClInclude Include="random\SynchronizedRandomGenerator.h">
      <Filter>Header Files</Filter>
    </ClInclude>
    <ClInclude Include="distribution\continuous\LogisticDistribution.h">
      <Filter>Header Files</Filter>
    </ClInclude>
    <ClInclude Include="util\Precision.h">
      <Filter>Header Files</Filter>
    </ClInclude>
    <ClInclude Include="distribution\continuous\GammaDistribution.h">
      <Filter>Header Files</Filter>
    </ClInclude>
    <ClInclude Include="distribution\continuous\ParetoDistribution.h">
      <Filter>Header Files</Filter>
    </ClInclude>
    <ClInclude Include="distribution\continuous\LogNormalDistribution.h">
      <Filter>Header Files</Filter>
    </ClInclude>
    <ClInclude Include="distribution\continuous\ExponentialDistribution.h">
      <Filter>Header Files</Filter>
    </ClInclude>
    <ClInclude Include="distribution\continuous\BetaDistribution.h">
      <Filter>Header Files</Filter>
    </ClInclude>
    <ClInclude Include="distribution\continuous\GumbelDistribution.h">
      <Filter>Header Files</Filter>
    </ClInclude>
    <ClInclude Include="distribution\continuous\LaplaceDistribution.h">
      <Filter>Header Files</Filter>
    </ClInclude>
    <ClInclude Include="distribution\discrete\ZipfDistribution.h">
      <Filter>Header Files</Filter>
    </ClInclude>
    <ClInclude Include="distribution\discrete\HypergeometricDistribution.h">
      <Filter>Header Files</Filter>
    </ClInclude>
    <ClInclude Include="distribution\continuous\NormalDistribution.h">
      <Filter>Header Files</Filter>
    </ClInclude>
    <ClInclude Include="distribution\continuous\WeibullDistribution.h">
      <Filter>Header Files</Filter>
    </ClInclude>
    <ClInclude Include="distribution\discrete\BinomialDistribution.h">
      <Filter>Header Files</Filter>
    </ClInclude>
    <ClInclude Include="distribution\discrete\GeometricDistribution.h">
      <Filter>Header Files</Filter>
    </ClInclude>
    <ClInclude Include="distribution\discrete\SaddlePointExpansion.h">
      <Filter>Header Files</Filter>
    </ClInclude>
    <ClInclude Include="distribution\discrete\PoissonDistribution.h">
      <Filter>Header Files</Filter>
    </ClInclude>
    <ClInclude Include="distribution\discrete\PascalDistribution.h">
      <Filter>Header Files</Filter>
    </ClInclude>
    <ClInclude Include="util\RyuDouble.h">
      <Filter>Header Files</Filter>
    </ClInclude>
    <ClInclude Include="util\OpenIntToDoubleHashMap.h">
      <Filter>Header Files</Filter>
    </ClInclude>
    <ClInclude Include="util\OpenIntToFieldHashMap.h">
      <Filter>Header Files</Filter>
    </ClInclude>
    <ClInclude Include="linear\JacobiPreconditioner.h">
      <Filter>Header Files</Filter>
    </ClInclude>
    <ClInclude Include="linear\BlockFieldMatrix.h">
      <Filter>Header Files</Filter>
    </ClInclude>
    <ClInclude Include="special\elliptic\carlson\RfRealDuplication.h">
      <Filter>Header Files</Filter>
    </ClInclude>
    <ClInclude Include="util\SinhCosh.h">
      <Filter>Header Files</Filter>
    </ClInclude>
    <ClInclude Include="util\SinCos.h">
      <Filter>Header Files</Filter>
    </ClInclude>
    <ClInclude Include="util\Combinations.h">
      <Filter>Header Files</Filter>
    </ClInclude>
    <ClInclude Include="analysis\interpolation\BicubicInterpolatingFunction.hpp">
      <Filter>Header Files</Filter>
    </ClInclude>
    <ClInclude Include="analysis\interpolation\InterpolatingMicrosphere.h">
      <Filter>Header Files</Filter>
    </ClInclude>
    <ClInclude Include="linear\BlockRealMatrix.h">
      <Filter>Header Files</Filter>
    </ClInclude>
    <ClInclude Include="special\Beta.h">
      <Filter>Header Files</Filter>
    </ClInclude>
    <ClInclude Include="linear\AbstractRealMatrix.h">
      <Filter>Header Files</Filter>
    </ClInclude>
    <ClInclude Include="util\MultidimensionalCounter.h">
      <Filter>Header Files</Filter>
    </ClInclude>
    <ClInclude Include="distribution\continuous\ConstantRealDistribution.h">
      <Filter>Header Files</Filter>
    </ClInclude>
    <ClInclude Include="distribution\continuous\UniformRealDistribution.h">
      <Filter>Header Files</Filter>
    </ClInclude>
    <ClInclude Include="distribution\continuous\TriangularDistribution.h">
      <Filter>Header Files</Filter>
    </ClInclude>
    <ClInclude Include="analysis\interpolation\UnivariatePeriodicInterpolator.h">
      <Filter>Header Files</Filter>
    </ClInclude>
    <ClInclude Include="analysis\interpolation\InterpolatingMicrosphere2D.h">
      <Filter>Header Files</Filter>
    </ClInclude>
    <ClInclude Include="analysis\interpolation\LoessInterpolator.h">
      <Filter>Header Files</Filter>
    </ClInclude>
    <ClInclude Include="complex\Quaternion.h">
      <Filter>Header Files</Filter>
    </ClInclude>
    <ClInclude Include="analysis\interpolation\TricubicInterpolatingFunction.h">
      <Filter>Header Files</Filter>
    </ClInclude>
    <ClInclude Include="random\IntRandomGenerator.h">
      <Filter>Header Files</Filter>
    </ClInclude>
    <ClInclude Include="dfp\DfpDec.h">
      <Filter>Header Files</Filter>
    </ClInclude>
    <ClInclude Include="exception\package-info.h">
      <Filter>Header Files</Filter>
    </ClInclude>
    <ClInclude Include="analysis\differentiation\DerivativeStructure.h">
      <Filter>Header Files</Filter>
    </ClInclude>
    <ClInclude Include="analysis\polynomials\PolynomialFunctionLagrangeForm.h">
      <Filter>Header Files</Filter>
    </ClInclude>
    <ClInclude Include="distribution\continuous\ChiSquaredDistribution.h">
      <Filter>Header Files</Filter>
    </ClInclude>
    <ClInclude Include="distribution\continuous\NakagamiDistribution.h">
      <Filter>Header Files</Filter>
    </ClInclude>
    <ClInclude Include="analysis\solvers\MullerSolver2.h">
      <Filter>Header Files</Filter>
    </ClInclude>
    <ClInclude Include="analysis\solvers\RiddersSolver.h">
      <Filter>Header Files</Filter>
    </ClInclude>
    <ClInclude Include="analysis\solvers\MullerSolver.h">
      <Filter>Header Files</Filter>
    </ClInclude>
    <ClInclude Include="special\Erf.h">
      <Filter>Header Files</Filter>
    </ClInclude>
    <ClInclude Include="exception\Localizable.h">
      <Filter>Header Files</Filter>
    </ClInclude>
    <ClInclude Include="exception\LocalizedException.h">
      <Filter>Header Files</Filter>
    </ClInclude>
    <ClInclude Include="analysis\interpolation\BicubicInterpolator.h">
      <Filter>Header Files</Filter>
    </ClInclude>
    <ClInclude Include="analysis\interpolation\TricubicInterpolator.h">
      <Filter>Header Files</Filter>
    </ClInclude>
    <ClInclude Include="analysis\integration\gauss\GaussIntegrator.h">
      <Filter>Header Files</Filter>
    </ClInclude>
    <ClInclude Include="analysis\interpolation\GridAxis.h">
      <Filter>Header Files</Filter>
    </ClInclude>
    <ClInclude Include="analysis\differentiation\UnivariateDifferentiableVectorFunction.h">
      <Filter>Header Files</Filter>
    </ClInclude>
    <ClInclude Include="random\BaseRandomGenerator.h">
      <Filter>Header Files</Filter>
    </ClInclude>
    <ClInclude Include="special\BesselJ.h">
      <Filter>Header Files</Filter>
    </ClInclude>
    <ClInclude Include="linear\OpenMapRealVector.h">
      <Filter>Header Files</Filter>
    </ClInclude>
    <ClInclude Include="analysis\integration\gauss\GaussIntegratorFactory.h">
      <Filter>Header Files</Filter>
    </ClInclude>
    <ClInclude Include="analysis\integration\IterativeLegendreGaussIntegrator.h">
      <Filter>Header Files</Filter>
    </ClInclude>
    <ClInclude Include="analysis\integration\gauss\LaguerreRuleFactory.h">
      <Filter>Header Files</Filter>
    </ClInclude>
    <ClInclude Include="util\FieldSinhCosh.h">
      <Filter>Header Files</Filter>
    </ClInclude>
    <ClInclude Include="analysis\UnivariateFunction.h">
      <Filter>Header Files</Filter>
    </ClInclude>
    <ClInclude Include="util\FieldSinCos.h">
      <Filter>Header Files</Filter>
    </ClInclude>
    <ClInclude Include="analysis\function\Sinc.h">
      <Filter>Header Files</Filter>
    </ClInclude>
    <ClInclude Include="linear\RectangularCholeskyDecomposition.h">
      <Filter>Header Files</Filter>
    </ClInclude>
    <ClInclude Include="linear\OpenMapRealMatrix.h">
      <Filter>Header Files</Filter>
    </ClInclude>
    <ClInclude Include="linear\DefaultRealMatrixChangingVisitor.h">
      <Filter>Header Files</Filter>
    </ClInclude>
    <ClInclude Include="linear\SparseRealMatrix.h">
      <Filter>Header Files</Filter>
    </ClInclude>
    <ClInclude Include="linear\RealMatrixChangingVisitor.h">
      <Filter>Header Files</Filter>
    </ClInclude>
    <ClInclude Include="linear\RealLinearOperator.h">
      <Filter>Header Files</Filter>
    </ClInclude>
    <ClInclude Include="linear\DecompositionSolver.h">
      <Filter>Header Files</Filter>
    </ClInclude>
    <ClInclude Include="analysis\MultivariateMatrixFunction.h">
      <Filter>Header Files</Filter>
    </ClInclude>
    <ClInclude Include="analysis\MultivariateVectorFunction.h">
      <Filter>Header Files</Filter>
    </ClInclude>
    <ClInclude Include="analysis\ParametricUnivariateFunction.h">
      <Filter>Header Files</Filter>
    </ClInclude>
    <ClInclude Include="analysis\UnivariateMatrixFunction.h">
      <Filter>Header Files</Filter>
    </ClInclude>
    <ClInclude Include="analysis\TrivariateFunction.h">
      <Filter>Header Files</Filter>
    </ClInclude>
    <ClInclude Include="analysis\MultivariateFunction.h">
      <Filter>Header Files</Filter>
    </ClInclude>
    <ClInclude Include="analysis\BivariateFunction.h">
      <Filter>Header Files</Filter>
    </ClInclude>
    <ClInclude Include="linear\RealMatrixPreservingVisitor.h">
      <Filter>Header Files</Filter>
    </ClInclude>
    <ClInclude Include="linear\RealVectorChangingVisitor.h">
      <Filter>Header Files</Filter>
    </ClInclude>
    <ClInclude Include="linear\RiccatiEquationSolver.h">
      <Filter>Header Files</Filter>
    </ClInclude>
    <ClInclude Include="linear\RealVectorPreservingVisitor.h">
      <Filter>Header Files</Filter>
    </ClInclude>
    <ClInclude Include="linear\FieldVectorChangingVisitor.h">
      <Filter>Header Files</Filter>
    </ClInclude>
    <ClInclude Include="linear\FieldDecompositionSolver.h">
      <Filter>Header Files</Filter>
    </ClInclude>
    <ClInclude Include="linear\FieldVectorPreservingVisitor.h">
      <Filter>Header Files</Filter>
    </ClInclude>
    <ClInclude Include="linear\FieldMatrixChangingVisitor.h">
      <Filter>Header Files</Filter>
    </ClInclude>
    <ClInclude Include="linear\FieldMatrixPreservingVisitor.h">
      <Filter>Header Files</Filter>
    </ClInclude>
    <ClInclude Include="linear\MatrixDecomposer.h">
      <Filter>Header Files</Filter>
    </ClInclude>
    <ClInclude Include="analysis\integration\gauss\RuleFactory.h">
      <Filter>Header Files</Filter>
    </ClInclude>
    <ClInclude Include="analysis\integration\gauss\FieldRuleFactory.h">
      <Filter>Header Files</Filter>
    </ClInclude>
    <ClInclude Include="analysis\solvers\UnivariateDifferentiableSolver.h">
      <Filter>Header Files</Filter>
    </ClInclude>
    <ClInclude Include="analysis\solvers\UnivariateSolver.h">
      <Filter>Header Files</Filter>
    </ClInclude>
    <ClInclude Include="analysis\solvers\PolynomialSolver.h">
      <Filter>Header Files</Filter>
    </ClInclude>
    <ClInclude Include="random\RandomVectorGenerator.h">
      <Filter>Header Files</Filter>
    </ClInclude>
    <ClInclude Include="analysis\interpolation\UnivariateInterpolator.h">
      <Filter>Header Files</Filter>
    </ClInclude>
    <ClInclude Include="analysis\interpolation\BivariateGridInterpolator.h">
      <Filter>Header Files</Filter>
    </ClInclude>
    <ClInclude Include="analysis\interpolation\TrivariateGridInterpolator.h">
      <Filter>Header Files</Filter>
    </ClInclude>
    <ClInclude Include="analysis\differentiation\MultivariateDifferentiableVectorFunction.h">
      <Filter>Header Files</Filter>
    </ClInclude>
    <ClInclude Include="analysis\differentiation\MultivariateDifferentiableFunction.h">
      <Filter>Header Files</Filter>
    </ClInclude>
    <ClInclude Include="analysis\differentiation\UnivariateMatrixFunctionDifferentiator.h">
      <Filter>Header Files</Filter>
    </ClInclude>
    <ClInclude Include="analysis\differentiation\FieldDerivative.h">
      <Filter>Header Files</Filter>
    </ClInclude>
    <ClInclude Include="analysis\differentiation\UnivariateDifferentiableMatrixFunction.h">
      <Filter>Header Files</Filter>
    </ClInclude>
    <ClInclude Include="analysis\differentiation\UnivariateVectorFunctionDifferentiator.h">
      <Filter>Header Files</Filter>
    </ClInclude>
    <ClInclude Include="util\IterationListener.h">
      <Filter>Header Files</Filter>
    </ClInclude>
    <ClInclude Include="analysis\UnivariateVectorFunction.h">
      <Filter>Header Files</Filter>
    </ClInclude>
    <ClInclude Include="analysis\differentiation\UnivariateFunctionDifferentiator.h">
      <Filter>Header Files</Filter>
    </ClInclude>
    <ClInclude Include="util\BigInteger.h">
      <Filter>Header Files</Filter>
    </ClInclude>
    <ClInclude Include="Field.h">
      <Filter>Header Files</Filter>
    </ClInclude>
    <ClInclude Include="analysis\integration\gauss\ConvertingRuleFactory.h">
      <Filter>Header Files</Filter>
    </ClInclude>
    <ClInclude Include="analysis\interpolation\DividedDifferenceInterpolator.h">
      <Filter>Header Files</Filter>
    </ClInclude>
    <ClInclude Include="analysis\differentiation\FieldUnivariateDerivative.h">
      <Filter>Header Files</Filter>
    </ClInclude>
    <ClInclude Include="analysis\differentiation\GradientFunction.h">
      <Filter>Header Files</Filter>
    </ClInclude>
    <ClInclude Include="analysis\differentiation\JacobianFunction.h">
      <Filter>Header Files</Filter>
    </ClInclude>
    <ClInclude Include="fraction\FractionField.h">
      <Filter>Header Files</Filter>
    </ClInclude>
    <ClInclude Include="util\Decimal64Field.h">
      <Filter>Header Files</Filter>
    </ClInclude>
    <ClInclude Include="util\BigRealField.h">
      <Filter>Header Files</Filter>
    </ClInclude>
    <ClInclude Include="util\BigReal.h">
      <Filter>Header Files</Filter>
    </ClInclude>
    <ClInclude Include="fraction\BigFractionField.h">
      <Filter>Header Files</Filter>
    </ClInclude>
    <ClInclude Include="util\ArithmeticUtils.h">
      <Filter>Header Files</Filter>
    </ClInclude>
    <ClInclude Include="analysis\differentiation\UnivariateDerivative2Field.h">
      <Filter>Header Files</Filter>
    </ClInclude>
    <ClInclude Include="analysis\integration\TrapezoidIntegrator.h">
      <Filter>Header Files</Filter>
    </ClInclude>
    <ClInclude Include="analysis\integration\MidPointIntegrator.h">
      <Filter>Header Files</Filter>
    </ClInclude>
    <ClInclude Include="analysis\interpolation\NevilleInterpolator.h">
      <Filter>Header Files</Filter>
    </ClInclude>
    <ClInclude Include="random\package-info.h">
      <Filter>Header Files</Filter>
    </ClInclude>
    <ClInclude Include="analysis\function\Acosh.hpp">
      <Filter>Header Files</Filter>
    </ClInclude>
    <ClInclude Include="linear\DefaultRealMatrixPreservingVisitor.h">
      <Filter>Header Files</Filter>
    </ClInclude>
    <ClInclude Include="linear\DefaultFieldMatrixChangingVisitor.h">
      <Filter>Header Files</Filter>
    </ClInclude>
    <ClInclude Include="linear\SingularValueDecomposer.h">
      <Filter>Header Files</Filter>
    </ClInclude>
    <ClInclude Include="linear\DefaultFieldMatrixPreservingVisitor.h">
      <Filter>Header Files</Filter>
    </ClInclude>
    <ClInclude Include="linear\LUDecomposer.h">
      <Filter>Header Files</Filter>
    </ClInclude>
    <ClInclude Include="linear\QRDecomposer.h">
      <Filter>Header Files</Filter>
    </ClInclude>
    <ClInclude Include="special\elliptic\jacobi\NearZeroParameter.h">
      <Filter>Header Files</Filter>
    </ClInclude>
    <ClInclude Include="special\elliptic\jacobi\NearOneParameter.h">
      <Filter>Header Files</Filter>
    </ClInclude>
    <ClInclude Include="special\elliptic\jacobi\BigParameter.h">
      <Filter>Header Files</Filter>
    </ClInclude>
    <ClInclude Include="special\elliptic\jacobi\NegativeParameter.h">
      <Filter>Header Files</Filter>
    </ClInclude>
    <ClInclude Include="analysis\integration\SimpsonIntegrator.h">
      <Filter>Header Files</Filter>
    </ClInclude>
    <ClInclude Include="analysis\integration\RombergIntegrator.h">
      <Filter>Header Files</Filter>
    </ClInclude>
    <ClInclude Include="analysis\interpolation\BilinearInterpolator.h">
      <Filter>Header Files</Filter>
    </ClInclude>
    <ClInclude Include="analysis\differentiation\UnivariateDerivative1Field.h">
      <Filter>Header Files</Filter>
    </ClInclude>
    <ClInclude Include="distribution\discrete\UniformIntegerDistribution.h">
      <Filter>Header Files</Filter>
    </ClInclude>
    <ClInclude Include="analysis\function\Identity.hpp">
      <Filter>Header Files</Filter>
    </ClInclude>
    <ClInclude Include="analysis\solvers\SecantSolver.h">
      <Filter>Header Files</Filter>
    </ClInclude>
    <ClInclude Include="analysis\function\Divide.h">
      <Filter>Header Files</Filter>
    </ClInclude>
    <ClInclude Include="analysis\function\Inverse.hpp">
      <Filter>Header Files</Filter>
    </ClInclude>
    <ClInclude Include="analysis\solvers\BrentSolver.h">
      <Filter>Header Files</Filter>
    </ClInclude>
    <ClInclude Include="analysis\solvers\BisectionSolver.h">
      <Filter>Header Files</Filter>
    </ClInclude>
    <ClInclude Include="analysis\solvers\NewtonRaphsonSolver.h">
      <Filter>Header Files</Filter>
    </ClInclude>
    <ClInclude Include="analysis\function\Ulp.h">
      <Filter>Header Files</Filter>
    </ClInclude>
    <ClInclude Include="analysis\function\Tanh.hpp">
      <Filter>Header Files</Filter>
    </ClInclude>
    <ClInclude Include="analysis\function\Min.h">
      <Filter>Header Files</Filter>
    </ClInclude>
    <ClInclude Include="analysis\function\Constant.hpp">
      <Filter>Header Files</Filter>
    </ClInclude>
    <ClInclude Include="analysis\function\Atan2.h">
      <Filter>Header Files</Filter>
    </ClInclude>
    <ClInclude Include="analysis\function\Abs.h">
      <Filter>Header Files</Filter>
    </ClInclude>
    <ClInclude Include="analysis\function\Acos.h">
      <Filter>Header Files</Filter>
    </ClInclude>
    <ClInclude Include="analysis\function\Tan.hpp">
      <Filter>Header Files</Filter>
    </ClInclude>
    <ClInclude Include="analysis\function\Sinh.hpp">
      <Filter>Header Files</Filter>
    </ClInclude>
    <ClInclude Include="analysis\function\Asin.h">
      <Filter>Header Files</Filter>
    </ClInclude>
    <ClInclude Include="analysis\function\Power.h">
      <Filter>Header Files</Filter>
    </ClInclude>
    <ClInclude Include="analysis\function\Add.h">
      <Filter>Header Files</Filter>
    </ClInclude>
    <ClInclude Include="analysis\function\Asinh.h">
      <Filter>Header Files</Filter>
    </ClInclude>
    <ClInclude Include="analysis\function\Ceil.hpp">
      <Filter>Header Files</Filter>
    </ClInclude>
    <ClInclude Include="analysis\function\Log.hpp">
      <Filter>Header Files</Filter>
    </ClInclude>
    <ClInclude Include="analysis\function\Minus.hpp">
      <Filter>Header Files</Filter>
    </ClInclude>
    <ClInclude Include="analysis\function\Max.h">
      <Filter>Header Files</Filter>
    </ClInclude>
    <ClInclude Include="analysis\function\Multiply.h">
      <Filter>Header Files</Filter>
    </ClInclude>
    <ClInclude Include="analysis\function\Cosh.h">
      <Filter>Header Files</Filter>
    </ClInclude>
    <ClInclude Include="analysis\function\Exp.h">
      <Filter>Header Files</Filter>
    </ClInclude>
    <ClInclude Include="analysis\function\Floor.hpp">
      <Filter>Header Files</Filter>
    </ClInclude>
    <ClInclude Include="analysis\function\Pow.h">
      <Filter>Header Files</Filter>
    </ClInclude>
    <ClInclude Include="analysis\function\Subtract.h">
      <Filter>Header Files</Filter>
    </ClInclude>
    <ClInclude Include="analysis\function\Expm1.hpp">
      <Filter>Header Files</Filter>
    </ClInclude>
    <ClInclude Include="analysis\function\Sin.hpp">
      <Filter>Header Files</Filter>
    </ClInclude>
    <ClInclude Include="analysis\function\Rint.h">
      <Filter>Header Files</Filter>
    </ClInclude>
    <ClInclude Include="analysis\function\Log10.hpp">
      <Filter>Header Files</Filter>
    </ClInclude>
    <ClInclude Include="analysis\function\Log1p.hpp">
      <Filter>Header Files</Filter>
    </ClInclude>
    <ClInclude Include="analysis\function\Cos.h">
      <Filter>Header Files</Filter>
    </ClInclude>
    <ClInclude Include="analysis\integration\gauss\LegendreRuleFactory.h">
      <Filter>Header Files</Filter>
    </ClInclude>
    <ClInclude Include="analysis\integration\gauss\SymmetricGaussIntegrator.h">
      <Filter>Header Files</Filter>
    </ClInclude>
    <ClInclude Include="random\UnitSphereRandomVectorGenerator.h">
      <Filter>Header Files</Filter>
    </ClInclude>
    <ClInclude Include="analysis\function\Sqrt.hpp">
      <Filter>Header Files</Filter>
    </ClInclude>
    <ClInclude Include="dfp\DfpMath.h">
      <Filter>Header Files</Filter>
    </ClInclude>
    <ClInclude Include="linear\AnyMatrix.h">
      <Filter>Header Files</Filter>
    </ClInclude>
    <ClInclude Include="analysis\integration\gauss\HermiteRuleFactory.h">
      <Filter>Header Files</Filter>
    </ClInclude>
    <ClInclude Include="exception\DummyLocalizable.h">
      <Filter>Header Files</Filter>
    </ClInclude>
    <ClInclude Include="package-info.h">
      <Filter>Header Files</Filter>
    </ClInclude>
    <ClInclude Include="special\elliptic\legendre\package-info.h">
      <Filter>Header Files</Filter>
    </ClInclude>
    <ClInclude Include="util\package-info.h">
      <Filter>Header Files</Filter>
    </ClInclude>
    <ClInclude Include="util\IterationEvent.h">
      <Filter>Header Files</Filter>
    </ClInclude>
    <ClInclude Include="special\elliptic\jacobi\package-info.h">
      <Filter>Header Files</Filter>
    </ClInclude>
    <ClInclude Include="special\elliptic\jacobi\CopolarS.h">
      <Filter>Header Files</Filter>
    </ClInclude>
    <ClInclude Include="special\elliptic\jacobi\CopolarN.h">
      <Filter>Header Files</Filter>
    </ClInclude>
    <ClInclude Include="special\elliptic\jacobi\CopolarD.h">
      <Filter>Header Files</Filter>
    </ClInclude>
    <ClInclude Include="special\elliptic\jacobi\CopolarC.h">
      <Filter>Header Files</Filter>
    </ClInclude>
    <ClInclude Include="special\elliptic\carlson\package-info.h">
      <Filter>Header Files</Filter>
    </ClInclude>
    <ClInclude Include="special\elliptic\package-info.h">
      <Filter>Header Files</Filter>
    </ClInclude>
    <ClInclude Include="special\package-info.h">
      <Filter>Header Files</Filter>
    </ClInclude>
    <ClInclude Include="linear\package-info.h">
      <Filter>Header Files</Filter>
    </ClInclude>
    <ClInclude Include="fraction\package-info.h">
      <Filter>Header Files</Filter>
    </ClInclude>
    <ClInclude Include="distribution\multivariate\package-info.h">
      <Filter>Header Files</Filter>
    </ClInclude>
    <ClInclude Include="distribution\discrete\package-info.h">
      <Filter>Header Files</Filter>
    </ClInclude>
    <ClInclude Include="distribution\continuous\package-info.h">
      <Filter>Header Files</Filter>
    </ClInclude>
    <ClInclude Include="distribution\package-info.h">
      <Filter>Header Files</Filter>
    </ClInclude>
    <ClInclude Include="dfp\package-info.h">
      <Filter>Header Files</Filter>
    </ClInclude>
    <ClInclude Include="analysis\solvers\RegulaFalsiSolver.h">
      <Filter>Header Files</Filter>
    </ClInclude>
    <ClInclude Include="analysis\solvers\PegasusSolver.h">
      <Filter>Header Files</Filter>
    </ClInclude>
    <ClInclude Include="analysis\solvers\package-info.h">
      <Filter>Header Files</Filter>
    </ClInclude>
    <ClInclude Include="analysis\solvers\IllinoisSolver.h">
      <Filter>Header Files</Filter>
    </ClInclude>
    <ClInclude Include="analysis\solvers\AllowedSolution.h">
      <Filter>Header Files</Filter>
    </ClInclude>
    <ClInclude Include="analysis\polynomials\package-info.h">
      <Filter>Header Files</Filter>
    </ClInclude>
    <ClInclude Include="analysis\interpolation\package-info.h">
      <Filter>Header Files</Filter>
    </ClInclude>
    <ClInclude Include="analysis\integration\gauss\package-info.h">
      <Filter>Header Files</Filter>
    </ClInclude>
    <ClInclude Include="analysis\integration\package-info.h">
      <Filter>Header Files</Filter>
    </ClInclude>
    <ClInclude Include="analysis\function\package-info.h">
      <Filter>Header Files</Filter>
    </ClInclude>
    <ClInclude Include="analysis\differentiation\package-info.h">
      <Filter>Header Files</Filter>
    </ClInclude>
    <ClInclude Include="analysis\package-info.h">
      <Filter>Header Files</Filter>
    </ClInclude>
    <ClInclude Include="core.h">
      <Filter>Header Files</Filter>
    </ClInclude>
    <ClInclude Include="..\clustering\evaluation\evaluation.h">
      <Filter>Header Files</Filter>
    </ClInclude>
    <ClInclude Include="analysis\differentiation\differentiation.h">
      <Filter>Header Files</Filter>
    </ClInclude>
    <ClInclude Include="analysis\function\function.h">
      <Filter>Header Files</Filter>
    </ClInclude>
    <ClInclude Include="analysis\integration\gauss\gauss.h">
      <Filter>Header Files</Filter>
    </ClInclude>
    <ClInclude Include="analysis\integration\integration.h">
      <Filter>Header Files</Filter>
    </ClInclude>
    <ClInclude Include="analysis\interpolation\interpolation.h">
      <Filter>Header Files</Filter>
    </ClInclude>
    <ClInclude Include="analysis\polynomials\polynomials.h">
      <Filter>Header Files</Filter>
    </ClInclude>
    <ClInclude Include="analysis\solvers\solvers.h">
      <Filter>Header Files</Filter>
    </ClInclude>
    <ClInclude Include="distribution\continuous.h">
      <Filter>Header Files</Filter>
    </ClInclude>
    <ClInclude Include="distribution\discrete.h">
      <Filter>Header Files</Filter>
    </ClInclude>
    <ClInclude Include="distribution\multivariate.h">
      <Filter>Header Files</Filter>
    </ClInclude>
    <ClInclude Include="exception.h">
      <Filter>Header Files</Filter>
    </ClInclude>
    <ClInclude Include="fraction.h">
      <Filter>Header Files</Filter>
    </ClInclude>
    <ClInclude Include="linear.h">
      <Filter>Header Files</Filter>
    </ClInclude>
    <ClInclude Include="random.h">
      <Filter>Header Files</Filter>
    </ClInclude>
    <ClInclude Include="special\elliptic\carlson.h">
      <Filter>Header Files</Filter>
    </ClInclude>
    <ClInclude Include="special\elliptic\jacobi.h">
      <Filter>Header Files</Filter>
    </ClInclude>
    <ClInclude Include="special\elliptic\legendre.h">
      <Filter>Header Files</Filter>
    </ClInclude>
    <ClInclude Include="special\elliptic.h">
      <Filter>Header Files</Filter>
    </ClInclude>
    <ClInclude Include="special.h">
      <Filter>Header Files</Filter>
    </ClInclude>
    <ClInclude Include="util.h">
      <Filter>Header Files</Filter>
    </ClInclude>
    <ClInclude Include="special\elliptic\jacobi\FieldComplexParameter.hpp">
      <Filter>Header Files</Filter>
    </ClInclude>
    <ClInclude Include="special\elliptic\jacobi\JacobiEllipticBuilder.hpp">
      <Filter>Header Files</Filter>
    </ClInclude>
    <ClInclude Include="analysis\solvers\UnivariateSolverUtils.hpp">
      <Filter>Header Files</Filter>
    </ClInclude>
    <ClInclude Include="analysis\solvers\BaseAbstractUnivariateSolver.hpp">
      <Filter>Header Files</Filter>
    </ClInclude>
    <ClInclude Include="analysis\solvers\BaseUnivariateSolver.hpp">
      <Filter>Header Files</Filter>
    </ClInclude>
    <ClInclude Include="analysis\interpolation\BilinearInterpolatingFunction.hpp">
      <Filter>Header Files</Filter>
    </ClInclude>
    <ClInclude Include="analysis\solvers\BracketedUnivariateSolver.hpp">
      <Filter>Header Files</Filter>
    </ClInclude>
    <ClInclude Include="analysis\CalculusFieldBivariateFunction.hpp">
      <Filter>Header Files</Filter>
    </ClInclude>
    <ClInclude Include="CalculusFieldElement.hpp">
      <Filter>Header Files</Filter>
    </ClInclude>
    <ClInclude Include="analysis\CalculusFieldMultivariateMatrixFunction.hpp">
      <Filter>Header Files</Filter>
    </ClInclude>
    <ClInclude Include="analysis\CalculusFieldMultivariateVectorFunction.hpp">
      <Filter>Header Files</Filter>
    </ClInclude>
    <ClInclude Include="analysis\CalculusFieldUnivariateFunction.hpp">
      <Filter>Header Files</Filter>
    </ClInclude>
    <ClInclude Include="analysis\CalculusFieldUnivariateMatrixFunction.hpp">
      <Filter>Header Files</Filter>
    </ClInclude>
    <ClInclude Include="analysis\CalculusFieldUnivariateVectorFunction.hpp">
      <Filter>Header Files</Filter>
    </ClInclude>
    <ClInclude Include="complex\ComplexUtils.hpp">
      <Filter>Header Files</Filter>
    </ClInclude>
    <ClInclude Include="analysis\FieldBivariateFunction.hpp">
      <Filter>Header Files</Filter>
    </ClInclude>
    <ClInclude Include="analysis\differentiation\FieldGradientField.hpp">
      <Filter>Header Files</Filter>
    </ClInclude>
    <ClInclude Include="analysis\differentiation\FieldUnivariateDerivative1Field.hpp">
      <Filter>Header Files</Filter>
    </ClInclude>
    <ClInclude Include="analysis\interpolation\PiecewiseBicubicSplineInterpolatingFunction.hpp">
      <Filter>Header Files</Filter>
    </ClInclude>
    <ClInclude Include="linear\SparseFieldMatrix.hpp">
      <Filter>Header Files</Filter>
    </ClInclude>
    <ClInclude Include="linear\SparseFieldVector.hpp">
      <Filter>Header Files</Filter>
    </ClInclude>
  </ItemGroup>
</Project>