<?xml version="1.0" encoding="utf-8"?>
<Project ToolsVersion="4.0" xmlns="http://schemas.microsoft.com/developer/msbuild/2003">
  <ItemGroup>
    <Filter Include="Resource Files">
      <UniqueIdentifier>{67DA6AB6-F800-4c08-8B7A-83BB121AAD01}</UniqueIdentifier>
      <Extensions>rc;ico;cur;bmp;dlg;rc2;rct;bin;rgs;gif;jpg;jpeg;jpe;resx;tiff;tif;png;wav;mfcribbon-ms</Extensions>
    </Filter>
    <Filter Include="Source Files">
      <UniqueIdentifier>{76026a0d-2bb4-4763-bb32-8d6ef82fc194}</UniqueIdentifier>
    </Filter>
    <Filter Include="Header Files">
      <UniqueIdentifier>{72136ab2-2b2e-4e9e-a647-355a387a77df}</UniqueIdentifier>
    </Filter>
  </ItemGroup>
  <ItemGroup>
    <ClInclude Include="transform\DctNormalization.h">
      <Filter>Header Files</Filter>
    </ClInclude>
    <ClInclude Include="transform\DftNormalization.h">
      <Filter>Header Files</Filter>
    </ClInclude>
    <ClInclude Include="transform\DstNormalization.h">
      <Filter>Header Files</Filter>
    </ClInclude>
    <ClInclude Include="transform\FastCosineTransformer.h">
      <Filter>Header Files</Filter>
    </ClInclude>
    <ClInclude Include="transform\FastFourierTransformer.h">
      <Filter>Header Files</Filter>
    </ClInclude>
    <ClInclude Include="transform\FastHadamardTransformer.h">
      <Filter>Header Files</Filter>
    </ClInclude>
    <ClInclude Include="transform\FastSineTransformer.h">
      <Filter>Header Files</Filter>
    </ClInclude>
    <ClInclude Include="transform\LocalizedFFTFormats.h">
      <Filter>Header Files</Filter>
    </ClInclude>
    <ClInclude Include="transform\package-info.h">
      <Filter>Header Files</Filter>
    </ClInclude>
    <ClInclude Include="transform\RealTransformer.h">
      <Filter>Header Files</Filter>
    </ClInclude>
    <ClInclude Include="transform\TransformType.h">
      <Filter>Header Files</Filter>
    </ClInclude>
    <ClInclude Include="transform\TransformUtils.h">
      <Filter>Header Files</Filter>
    </ClInclude>
  </ItemGroup>
</Project>