<?xml version="1.0" encoding="utf-8"?>
<Project ToolsVersion="4.0" xmlns="http://schemas.microsoft.com/developer/msbuild/2003">
  <ItemGroup>
    <Filter Include="Resource Files">
      <UniqueIdentifier>{67DA6AB6-F800-4c08-8B7A-83BB121AAD01}</UniqueIdentifier>
      <Extensions>rc;ico;cur;bmp;dlg;rc2;rct;bin;rgs;gif;jpg;jpeg;jpe;resx;tiff;tif;png;wav;mfcribbon-ms</Extensions>
    </Filter>
    <Filter Include="Source Files">
      <UniqueIdentifier>{d12c4ef1-b80b-4843-be54-5dfdafc40fa7}</UniqueIdentifier>
    </Filter>
    <Filter Include="Header Files">
      <UniqueIdentifier>{e259c495-82e1-46a6-938d-d80f6250cc79}</UniqueIdentifier>
    </Filter>
  </ItemGroup>
  <ItemGroup>
    <ClInclude Include="kalman\extended\ExtendedKalmanFilter.h">
      <Filter>Header Files</Filter>
    </ClInclude>
    <ClInclude Include="kalman\linear\LinearEvolution.h">
      <Filter>Header Files</Filter>
    </ClInclude>
    <ClInclude Include="kalman\linear\LinearKalmanFilter.h">
      <Filter>Header Files</Filter>
    </ClInclude>
    <ClInclude Include="kalman\extended\NonLinearProcess.h">
      <Filter>Header Files</Filter>
    </ClInclude>
    <ClInclude Include="kalman\extended\NonLinearEvolution.h">
      <Filter>Header Files</Filter>
    </ClInclude>
    <ClInclude Include="kalman\ProcessEstimate.h">
      <Filter>Header Files</Filter>
    </ClInclude>
    <ClInclude Include="kalman\AbstractKalmanFilter.h">
      <Filter>Header Files</Filter>
    </ClInclude>
    <ClInclude Include="kalman\KalmanFilter.h">
      <Filter>Header Files</Filter>
    </ClInclude>
    <ClInclude Include="kalman\Measurement.h">
      <Filter>Header Files</Filter>
    </ClInclude>
    <ClInclude Include="kalman\linear\LinearProcess.h">
      <Filter>Header Files</Filter>
    </ClInclude>
    <ClInclude Include="kalman\package-info.h">
      <Filter>Header Files</Filter>
    </ClInclude>
    <ClInclude Include="kalman\linear\package-info.h">
      <Filter>Header Files</Filter>
    </ClInclude>
    <ClInclude Include="kalman\extended\package-info.h">
      <Filter>Header Files</Filter>
    </ClInclude>
  </ItemGroup>
</Project>